
Microsoft Visual Studio Solution File, Format Version 12.00
# Visual Studio Version 17
VisualStudioVersion = 17.5.33627.172
MinimumVisualStudioVersion = 10.0.40219.1
Project("{FAE04EC0-301F-11D3-BF4B-00C04F79EFBC}") = "Narnia", "Narnia\Narnia.csproj", "{0BA7E089-C3A3-400D-B65A-DF0589BD1B78}"
EndProject
Global
	GlobalSection(SolutionConfigurationPlatforms) = preSolution
		Debug|Any CPU = Debug|Any CPU
		Release|Any CPU = Release|Any CPU
	EndGlobalSection
	GlobalSection(ProjectConfigurationPlatforms) = postSolution
		{0BA7E089-C3A3-400D-B65A-DF0589BD1B78}.Debug|Any CPU.ActiveCfg = Debug|Any CPU
		{0BA7E089-C3A3-400D-B65A-DF0589BD1B78}.Debug|Any CPU.Build.0 = Debug|Any CPU
		{0BA7E089-C3A3-400D-B65A-DF0589BD1B78}.Release|Any CPU.ActiveCfg = Release|Any CPU
		{0BA7E089-C3A3-400D-B65A-DF0589BD1B78}.Release|Any CPU.Build.0 = Release|Any CPU
	EndGlobalSection
	GlobalSection(SolutionProperties) = preSolution
		HideSolutionNode = FALSE
	EndGlobalSection
	GlobalSection(ExtensibilityGlobals) = postSolution
		SolutionGuid = {D74930CD-B1AF-48D3-888F-42D5E8630B5B}
	EndGlobalSection
EndGlobal
